
Microsoft Visual Studio Solution File, Format Version 12.00
# Visual Studio Version 17
VisualStudioVersion = 17.3.32819.101
MinimumVisualStudioVersion = 10.0.40219.1
Project("{9A19103F-16F7-4668-BE54-9A1E7A4F7556}") = "TangyWeb.Server", "TangyWeb.Server\TangyWeb.Server.csproj", "{2ECE90E1-55C8-421F-90BF-D65B39B857A9}"
EndProject
Project("{9A19103F-16F7-4668-BE54-9A1E7A4F7556}") = "Tangy.Models", "Tangy.Models\Tangy.Models.csproj", "{1FBB1E4A-E809-4924-BCE9-638334792654}"
EndProject
Project("{9A19103F-16F7-4668-BE54-9A1E7A4F7556}") = "Tangy.Business", "Tangy.Business\Tangy.Business.csproj", "{F597926F-BC5B-46E8-B623-CDB3CF0AA8C1}"
EndProject
Project("{9A19103F-16F7-4668-BE54-9A1E7A4F7556}") = "Tangy.Common", "Tangy.Common\Tangy.Common.csproj", "{5E7B1E3C-E864-47C7-B850-E59A76C9EB46}"
EndProject
Project("{9A19103F-16F7-4668-BE54-9A1E7A4F7556}") = "Tangy.DataAccess", "Tangy.DataAccess\Tangy.DataAccess.csproj", "{EC0E4961-A61F-42B4-A090-E3A53A004213}"
EndProject
Project("{FAE04EC0-301F-11D3-BF4B-00C04F79EFBC}") = "TangyApi", "TangyApi\TangyApi.csproj", "{59724151-A24D-4399-8C2D-35B10F8D6459}"
EndProject
Project("{FAE04EC0-301F-11D3-BF4B-00C04F79EFBC}") = "TangyWebClient", "TangyWebClient\TangyWebClient.csproj", "{F3ED933C-C913-4562-8711-EE8203DF6588}"
EndProject
Global
	GlobalSection(SolutionConfigurationPlatforms) = preSolution
		Debug|Any CPU = Debug|Any CPU
		Release|Any CPU = Release|Any CPU
	EndGlobalSection
	GlobalSection(ProjectConfigurationPlatforms) = postSolution
		{2ECE90E1-55C8-421F-90BF-D65B39B857A9}.Debug|Any CPU.ActiveCfg = Debug|Any CPU
		{2ECE90E1-55C8-421F-90BF-D65B39B857A9}.Debug|Any CPU.Build.0 = Debug|Any CPU
		{2ECE90E1-55C8-421F-90BF-D65B39B857A9}.Release|Any CPU.ActiveCfg = Release|Any CPU
		{2ECE90E1-55C8-421F-90BF-D65B39B857A9}.Release|Any CPU.Build.0 = Release|Any CPU
		{1FBB1E4A-E809-4924-BCE9-638334792654}.Debug|Any CPU.ActiveCfg = Debug|Any CPU
		{1FBB1E4A-E809-4924-BCE9-638334792654}.Debug|Any CPU.Build.0 = Debug|Any CPU
		{1FBB1E4A-E809-4924-BCE9-638334792654}.Release|Any CPU.ActiveCfg = Release|Any CPU
		{1FBB1E4A-E809-4924-BCE9-638334792654}.Release|Any CPU.Build.0 = Release|Any CPU
		{F597926F-BC5B-46E8-B623-CDB3CF0AA8C1}.Debug|Any CPU.ActiveCfg = Debug|Any CPU
		{F597926F-BC5B-46E8-B623-CDB3CF0AA8C1}.Debug|Any CPU.Build.0 = Debug|Any CPU
		{F597926F-BC5B-46E8-B623-CDB3CF0AA8C1}.Release|Any CPU.ActiveCfg = Release|Any CPU
		{F597926F-BC5B-46E8-B623-CDB3CF0AA8C1}.Release|Any CPU.Build.0 = Release|Any CPU
		{5E7B1E3C-E864-47C7-B850-E59A76C9EB46}.Debug|Any CPU.ActiveCfg = Debug|Any CPU
		{5E7B1E3C-E864-47C7-B850-E59A76C9EB46}.Debug|Any CPU.Build.0 = Debug|Any CPU
		{5E7B1E3C-E864-47C7-B850-E59A76C9EB46}.Release|Any CPU.ActiveCfg = Release|Any CPU
		{5E7B1E3C-E864-47C7-B850-E59A76C9EB46}.Release|Any CPU.Build.0 = Release|Any CPU
		{EC0E4961-A61F-42B4-A090-E3A53A004213}.Debug|Any CPU.ActiveCfg = Debug|Any CPU
		{EC0E4961-A61F-42B4-A090-E3A53A004213}.Debug|Any CPU.Build.0 = Debug|Any CPU
		{EC0E4961-A61F-42B4-A090-E3A53A004213}.Release|Any CPU.ActiveCfg = Release|Any CPU
		{EC0E4961-A61F-42B4-A090-E3A53A004213}.Release|Any CPU.Build.0 = Release|Any CPU
		{59724151-A24D-4399-8C2D-35B10F8D6459}.Debug|Any CPU.ActiveCfg = Debug|Any CPU
		{59724151-A24D-4399-8C2D-35B10F8D6459}.Debug|Any CPU.Build.0 = Debug|Any CPU
		{59724151-A24D-4399-8C2D-35B10F8D6459}.Release|Any CPU.ActiveCfg = Release|Any CPU
		{59724151-A24D-4399-8C2D-35B10F8D6459}.Release|Any CPU.Build.0 = Release|Any CPU
		{F3ED933C-C913-4562-8711-EE8203DF6588}.Debug|Any CPU.ActiveCfg = Debug|Any CPU
		{F3ED933C-C913-4562-8711-EE8203DF6588}.Debug|Any CPU.Build.0 = Debug|Any CPU
		{F3ED933C-C913-4562-8711-EE8203DF6588}.Release|Any CPU.ActiveCfg = Release|Any CPU
		{F3ED933C-C913-4562-8711-EE8203DF6588}.Release|Any CPU.Build.0 = Release|Any CPU
	EndGlobalSection
	GlobalSection(SolutionProperties) = preSolution
		HideSolutionNode = FALSE
	EndGlobalSection
	GlobalSection(ExtensibilityGlobals) = postSolution
		SolutionGuid = {68B329BC-E813-45CB-927C-9BEF16DCE58E}
	EndGlobalSection
EndGlobal
